
Microsoft Visual Studio Solution File, Format Version 12.00
# Visual Studio Version 16
VisualStudioVersion = 16.0.31911.196
MinimumVisualStudioVersion = 10.0.40219.1
Project("{FAE04EC0-301F-11D3-BF4B-00C04F79EFBC}") = "TutorialCoreApp", "TutorialCoreApp\TutorialCoreApp.csproj", "{06AA3DE8-0DCE-4EAD-AFE3-1526C8CF7C16}"
EndProject
Global
	GlobalSection(SolutionConfigurationPlatforms) = preSolution
		Debug|Any CPU = Debug|Any CPU
		Release|Any CPU = Release|Any CPU
	EndGlobalSection
	GlobalSection(ProjectConfigurationPlatforms) = postSolution
		{06AA3DE8-0DCE-4EAD-AFE3-1526C8CF7C16}.Debug|Any CPU.ActiveCfg = Debug|Any CPU
		{06AA3DE8-0DCE-4EAD-AFE3-1526C8CF7C16}.Debug|Any CPU.Build.0 = Debug|Any CPU
		{06AA3DE8-0DCE-4EAD-AFE3-1526C8CF7C16}.Release|Any CPU.ActiveCfg = Release|Any CPU
		{06AA3DE8-0DCE-4EAD-AFE3-1526C8CF7C16}.Release|Any CPU.Build.0 = Release|Any CPU
	EndGlobalSection
	GlobalSection(SolutionProperties) = preSolution
		HideSolutionNode = FALSE
	EndGlobalSection
	GlobalSection(ExtensibilityGlobals) = postSolution
		SolutionGuid = {017DFA83-F133-4568-9EB2-CE7BC5DB3F11}
	EndGlobalSection
EndGlobal
