
Microsoft Visual Studio Solution File, Format Version 12.00
# Visual Studio Version 16
VisualStudioVersion = 16.0.31911.196
MinimumVisualStudioVersion = 10.0.40219.1
Project("{FAE04EC0-301F-11D3-BF4B-00C04F79EFBC}") = "BankProject", "BankProject\BankProject.csproj", "{764B91C1-DA45-4532-86F2-6E45B0642042}"
EndProject
Global
	GlobalSection(SolutionConfigurationPlatforms) = preSolution
		Debug|Any CPU = Debug|Any CPU
		Release|Any CPU = Release|Any CPU
	EndGlobalSection
	GlobalSection(ProjectConfigurationPlatforms) = postSolution
		{764B91C1-DA45-4532-86F2-6E45B0642042}.Debug|Any CPU.ActiveCfg = Debug|Any CPU
		{764B91C1-DA45-4532-86F2-6E45B0642042}.Debug|Any CPU.Build.0 = Debug|Any CPU
		{764B91C1-DA45-4532-86F2-6E45B0642042}.Release|Any CPU.ActiveCfg = Release|Any CPU
		{764B91C1-DA45-4532-86F2-6E45B0642042}.Release|Any CPU.Build.0 = Release|Any CPU
	EndGlobalSection
	GlobalSection(SolutionProperties) = preSolution
		HideSolutionNode = FALSE
	EndGlobalSection
	GlobalSection(ExtensibilityGlobals) = postSolution
		SolutionGuid = {76B7E8BD-2593-479F-9BF9-FC32612C22A5}
	EndGlobalSection
EndGlobal
